
Microsoft Visual Studio Solution File, Format Version 12.00
# Visual Studio Version 17
VisualStudioVersion = 17.11.35312.102
MinimumVisualStudioVersion = 10.0.40219.1
Project("{9A19103F-16F7-4668-BE54-9A1E7A4F7556}") = "LogTimeWeb.Server", "LogTimeWeb.Server\LogTimeWeb.Server.csproj", "{9AFFC572-78A1-4876-8B75-65A651CF45E6}"
EndProject
Project("{54A90642-561A-4BB1-A94E-469ADEE60C69}") = "LogTimeWeb.client", "LogTimeWeb.client\LogTimeWeb.client.esproj", "{27529479-0D81-495E-93CE-4B3DF93B4162}"
EndProject
Global
	GlobalSection(SolutionConfigurationPlatforms) = preSolution
		Debug|Any CPU = Debug|Any CPU
		Release|Any CPU = Release|Any CPU
		Staging|Any CPU = Staging|Any CPU
	EndGlobalSection
	GlobalSection(ProjectConfigurationPlatforms) = postSolution
		{9AFFC572-78A1-4876-8B75-65A651CF45E6}.Debug|Any CPU.ActiveCfg = Debug|Any CPU
		{9AFFC572-78A1-4876-8B75-65A651CF45E6}.Debug|Any CPU.Build.0 = Debug|Any CPU
		{9AFFC572-78A1-4876-8B75-65A651CF45E6}.Release|Any CPU.ActiveCfg = Release|Any CPU
		{9AFFC572-78A1-4876-8B75-65A651CF45E6}.Release|Any CPU.Build.0 = Release|Any CPU
		{9AFFC572-78A1-4876-8B75-65A651CF45E6}.Staging|Any CPU.ActiveCfg = Staging|Any CPU
		{9AFFC572-78A1-4876-8B75-65A651CF45E6}.Staging|Any CPU.Build.0 = Staging|Any CPU
		{27529479-0D81-495E-93CE-4B3DF93B4162}.Debug|Any CPU.ActiveCfg = Debug|Any CPU
		{27529479-0D81-495E-93CE-4B3DF93B4162}.Debug|Any CPU.Build.0 = Debug|Any CPU
		{27529479-0D81-495E-93CE-4B3DF93B4162}.Debug|Any CPU.Deploy.0 = Debug|Any CPU
		{27529479-0D81-495E-93CE-4B3DF93B4162}.Release|Any CPU.ActiveCfg = Release|Any CPU
		{27529479-0D81-495E-93CE-4B3DF93B4162}.Release|Any CPU.Build.0 = Release|Any CPU
		{27529479-0D81-495E-93CE-4B3DF93B4162}.Release|Any CPU.Deploy.0 = Release|Any CPU
		{27529479-0D81-495E-93CE-4B3DF93B4162}.Staging|Any CPU.ActiveCfg = Staging|Any CPU
		{27529479-0D81-495E-93CE-4B3DF93B4162}.Staging|Any CPU.Build.0 = Staging|Any CPU
		{27529479-0D81-495E-93CE-4B3DF93B4162}.Staging|Any CPU.Deploy.0 = Staging|Any CPU
	EndGlobalSection
	GlobalSection(SolutionProperties) = preSolution
		HideSolutionNode = FALSE
	EndGlobalSection
	GlobalSection(ExtensibilityGlobals) = postSolution
		SolutionGuid = {E6B125DD-B3D2-435D-9003-22715AFDB55B}
	EndGlobalSection
EndGlobal
